{
  "lockfile_version": "1",
  "packages": {
    "editorconfig-checker@latest": {
      "last_modified": "2026-07-08T21:13:06Z",
      "resolved": "github:NixOS/nixpkgs/389ed85304b281ca7f306cf8a1eb4378651ca44e#editorconfig-checker",
      "source": "devbox-search",
      "version": "3.8.0",
      "systems": {
        "aarch64-darwin": {
          "outputs": [
            {
              "name": "out",
              "path": "/nix/store/x8ybrjkb5fsbpq3p2bq0kb79a57vcw5s-editorconfig-checker-3.8.0",
              "default": true
            }
          ],
          "store_path": "/nix/store/x8ybrjkb5fsbpq3p2bq0kb79a57vcw5s-editorconfig-checker-3.8.0"
        },
        "aarch64-linux": {
          "outputs": [
            {
              "name": "out",
              "path": "/nix/store/65l6ygm0zkkq688a5c1bnxxzl2l6k7vg-editorconfig-checker-3.8.0",
              "default": true
            }
          ],
          "store_path": "/nix/store/65l6ygm0zkkq688a5c1bnxxzl2l6k7vg-editorconfig-checker-3.8.0"
        },
        "x86_64-darwin": {
          "outputs": [
            {
              "name": "out",
              "path": "/nix/store/mfxaz7iaxqb5ipq71h60c819vx4b1ray-editorconfig-checker-3.8.0",
              "default": true
            }
          ],
          "store_path": "/nix/store/mfxaz7iaxqb5ipq71h60c819vx4b1ray-editorconfig-checker-3.8.0"
        },
        "x86_64-linux": {
          "outputs": [
            {
              "name": "out",
              "path": "/nix/store/kanh6zxgzn9kkzs4if2m8ymylhv5vwv0-editorconfig-checker-3.8.0",
              "default": true
            }
          ],
          "store_path": "/nix/store/kanh6zxgzn9kkzs4if2m8ymylhv5vwv0-editorconfig-checker-3.8.0"
        }
      }
    },
    "github:NixOS/nixpkgs/nixpkgs-unstable": {
      "resolved": "github:NixOS/nixpkgs/eb0e0f21f15c559d2ac7633dc81d079d1caf5f5f?lastModified=1743259260&narHash=sha256-ArWLUgRm1tKHiqlhnymyVqi5kLNCK5ghvm06mfCl4QY%3D"
    },
    "gitmux@latest": {
      "last_modified": "2024-12-23T21:10:33Z",
      "resolved": "github:NixOS/nixpkgs/de1864217bfa9b5845f465e771e0ecb48b30e02d#gitmux",
      "source": "devbox-search",
      "version": "0.11.2",
      "systems": {
        "aarch64-darwin": {
          "outputs": [
            {
              "name": "out",
              "path": "/nix/store/b3jxn8c2llx7bpi5g3vjjy960cmrhb6g-gitmux-0.11.2",
              "default": true
            }
          ],
          "store_path": "/nix/store/b3jxn8c2llx7bpi5g3vjjy960cmrhb6g-gitmux-0.11.2"
        },
        "aarch64-linux": {
          "outputs": [
            {
              "name": "out",
              "path": "/nix/store/18rm60lwwb63kl86ww83x9mpzdz3j7hd-gitmux-0.11.2",
              "default": true
            }
          ],
          "store_path": "/nix/store/18rm60lwwb63kl86ww83x9mpzdz3j7hd-gitmux-0.11.2"
        },
        "x86_64-darwin": {
          "outputs": [
            {
              "name": "out",
              "path": "/nix/store/frbj3wsj8was8rv7v23vfps4b98y63jx-gitmux-0.11.2",
              "default": true
            }
          ],
          "store_path": "/nix/store/frbj3wsj8was8rv7v23vfps4b98y63jx-gitmux-0.11.2"
        },
        "x86_64-linux": {
          "outputs": [
            {
              "name": "out",
              "path": "/nix/store/mvz21yzw2sqdx9vymn27bjwi6jph0w9k-gitmux-0.11.2",
              "default": true
            }
          ],
          "store_path": "/nix/store/mvz21yzw2sqdx9vymn27bjwi6jph0w9k-gitmux-0.11.2"
        }
      }
    },
    "gnumake@latest": {
      "last_modified": "2024-12-28T05:01:57Z",
      "resolved": "github:NixOS/nixpkgs/9e09ce2d47c7700b877becef99ce7e27f15604dc#gnumake",
      "source": "devbox-search",
      "version": "4.4.1",
      "systems": {
        "aarch64-darwin": {
          "outputs": [
            {
              "name": "out",
              "path": "/nix/store/kz7hhivh19j3fswz9i5knbq3xwsy7sp5-gnumake-4.4.1",
              "default": true
            },
            {
              "name": "man",
              "path": "/nix/store/8ndq9xqci1861y6fb97xgm90qxq3m9lj-gnumake-4.4.1-man",
              "default": true
            },
            {
              "name": "info",
              "path": "/nix/store/8677qdd03vfyb4zl9jqa1l3gf5nn42l0-gnumake-4.4.1-info"
            }
          ],
          "store_path": "/nix/store/kz7hhivh19j3fswz9i5knbq3xwsy7sp5-gnumake-4.4.1"
        },
        "aarch64-linux": {
          "outputs": [
            {
              "name": "out",
              "path": "/nix/store/vdn3rar5zcrg0mh406h4abq3w2d12hy2-gnumake-4.4.1",
              "default": true
            },
            {
              "name": "man",
              "path": "/nix/store/rim19s0wcffh71ma2bgm0hifpr71p3dz-gnumake-4.4.1-man",
              "default": true
            },
            {
              "name": "info",
              "path": "/nix/store/hnkqb83x19qv9hwa8l5vkvv2y21yps32-gnumake-4.4.1-info"
            },
            {
              "name": "debug",
              "path": "/nix/store/gfsbcjrv2lxgipzsn3a65flqll44ihis-gnumake-4.4.1-debug"
            }
          ],
          "store_path": "/nix/store/vdn3rar5zcrg0mh406h4abq3w2d12hy2-gnumake-4.4.1"
        },
        "x86_64-darwin": {
          "outputs": [
            {
              "name": "out",
              "path": "/nix/store/i68j153lqxkvyhflqip2lqxy9zqsf6k2-gnumake-4.4.1",
              "default": true
            },
            {
              "name": "man",
              "path": "/nix/store/mfcp0r854jpqn1vckhycabla9mwzfsff-gnumake-4.4.1-man",
              "default": true
            },
            {
              "name": "info",
              "path": "/nix/store/a0k03x1jwp180cwppi1yqd8h535p5ck6-gnumake-4.4.1-info"
            }
          ],
          "store_path": "/nix/store/i68j153lqxkvyhflqip2lqxy9zqsf6k2-gnumake-4.4.1"
        },
        "x86_64-linux": {
          "outputs": [
            {
              "name": "out",
              "path": "/nix/store/nmj7y4f9zkbzsb51wbnbf2yksa4ncprj-gnumake-4.4.1",
              "default": true
            },
            {
              "name": "man",
              "path": "/nix/store/4dwhf5vn36rxg6xk98qsswyhvzywqdh9-gnumake-4.4.1-man",
              "default": true
            },
            {
              "name": "debug",
              "path": "/nix/store/6vzw9g0p9n5467agw5z4l68xbwpzr79x-gnumake-4.4.1-debug"
            },
            {
              "name": "info",
              "path": "/nix/store/1cw85sbjpl43k7qdwhpcmz63rq0f54jc-gnumake-4.4.1-info"
            }
          ],
          "store_path": "/nix/store/nmj7y4f9zkbzsb51wbnbf2yksa4ncprj-gnumake-4.4.1"
        }
      }
    },
    "hadolint@latest": {
      "last_modified": "2024-12-23T21:10:33Z",
      "resolved": "github:NixOS/nixpkgs/de1864217bfa9b5845f465e771e0ecb48b30e02d#hadolint",
      "source": "devbox-search",
      "version": "2.12.0",
      "systems": {
        "aarch64-darwin": {
          "outputs": [
            {
              "name": "out",
              "path": "/nix/store/0v36s261w87125xzjd2brmnrcccpa8vg-hadolint-2.12.0",
              "default": true
            },
            {
              "name": "doc",
              "path": "/nix/store/41rlnh9ir4wdmiabjrjg54z7b3lfm4vf-hadolint-2.12.0-doc"
            }
          ],
          "store_path": "/nix/store/0v36s261w87125xzjd2brmnrcccpa8vg-hadolint-2.12.0"
        },
        "aarch64-linux": {
          "outputs": [
            {
              "name": "out",
              "path": "/nix/store/yrnar1ar1kyjpn9idxa446b7rlnksmcz-hadolint-2.12.0",
              "default": true
            }
          ],
          "store_path": "/nix/store/yrnar1ar1kyjpn9idxa446b7rlnksmcz-hadolint-2.12.0"
        },
        "x86_64-darwin": {
          "outputs": [
            {
              "name": "out",
              "path": "/nix/store/wcnjdyzj2l0bq29s0z2h82jwhczmw7wj-hadolint-2.12.0",
              "default": true
            }
          ],
          "store_path": "/nix/store/wcnjdyzj2l0bq29s0z2h82jwhczmw7wj-hadolint-2.12.0"
        },
        "x86_64-linux": {
          "outputs": [
            {
              "name": "out",
              "path": "/nix/store/3q3vv1lkxiz1bj56nj5h4qp5xn8ns9ij-hadolint-2.12.0",
              "default": true
            }
          ],
          "store_path": "/nix/store/3q3vv1lkxiz1bj56nj5h4qp5xn8ns9ij-hadolint-2.12.0"
        }
      }
    },
    "pre-commit@latest": {
      "last_modified": "2025-01-11T15:21:40Z",
      "resolved": "github:NixOS/nixpkgs/590cc22eefd616c8f90608870d28afe25d37e8b8#pre-commit",
      "source": "devbox-search",
      "version": "4.0.1",
      "systems": {
        "aarch64-darwin": {
          "outputs": [
            {
              "name": "out",
              "path": "/nix/store/9cnm40lfhkykyj7bwhg5ldb1x1r4piv9-pre-commit-4.0.1",
              "default": true
            },
            {
              "name": "dist",
              "path": "/nix/store/g53lmq7ii59yh5la4ybj2i0zsc25avsd-pre-commit-4.0.1-dist"
            }
          ],
          "store_path": "/nix/store/9cnm40lfhkykyj7bwhg5ldb1x1r4piv9-pre-commit-4.0.1"
        },
        "aarch64-linux": {
          "outputs": [
            {
              "name": "out",
              "path": "/nix/store/ajy3kf03maa564l2l0jqvgs7plw0dma9-pre-commit-4.0.1",
              "default": true
            },
            {
              "name": "dist",
              "path": "/nix/store/fzc8p64gaidhmvn0v11ky5h01jkhc5my-pre-commit-4.0.1-dist"
            }
          ],
          "store_path": "/nix/store/ajy3kf03maa564l2l0jqvgs7plw0dma9-pre-commit-4.0.1"
        },
        "x86_64-darwin": {
          "outputs": [
            {
              "name": "out",
              "path": "/nix/store/9if5395ypzra8wv10qywyx74aq4abk2n-pre-commit-4.0.1",
              "default": true
            },
            {
              "name": "dist",
              "path": "/nix/store/ixc8jnpf445cvf799hn6nhm9iracksn5-pre-commit-4.0.1-dist"
            }
          ],
          "store_path": "/nix/store/9if5395ypzra8wv10qywyx74aq4abk2n-pre-commit-4.0.1"
        },
        "x86_64-linux": {
          "outputs": [
            {
              "name": "out",
              "path": "/nix/store/p8dn88jif3gc7yjsiw50yfng125s18bw-pre-commit-4.0.1",
              "default": true
            },
            {
              "name": "dist",
              "path": "/nix/store/6rjz15w4mfz1zsf9cq16qlz38fnxh0lw-pre-commit-4.0.1-dist"
            }
          ],
          "store_path": "/nix/store/p8dn88jif3gc7yjsiw50yfng125s18bw-pre-commit-4.0.1"
        }
      }
    },
    "ruff@latest": {
      "last_modified": "2025-01-17T10:46:57Z",
      "resolved": "github:NixOS/nixpkgs/041c867bad68dfe34b78b2813028a2e2ea70a23c#ruff",
      "source": "devbox-search",
      "version": "0.9.2",
      "systems": {
        "aarch64-darwin": {
          "outputs": [
            {
              "name": "out",
              "path": "/nix/store/rsac9gg6f44zaq7hj9ffmp9bl1wx092p-ruff-0.9.2",
              "default": true
            }
          ],
          "store_path": "/nix/store/rsac9gg6f44zaq7hj9ffmp9bl1wx092p-ruff-0.9.2"
        },
        "aarch64-linux": {
          "outputs": [
            {
              "name": "out",
              "path": "/nix/store/njvrbqqyvdg6dpi6ckdji9fnzw4gz0ls-ruff-0.9.2",
              "default": true
            }
          ],
          "store_path": "/nix/store/njvrbqqyvdg6dpi6ckdji9fnzw4gz0ls-ruff-0.9.2"
        },
        "x86_64-darwin": {
          "outputs": [
            {
              "name": "out",
              "path": "/nix/store/pb20mjnqrgnjrl30sr0gn3hzjglq5ri9-ruff-0.9.2",
              "default": true
            }
          ],
          "store_path": "/nix/store/pb20mjnqrgnjrl30sr0gn3hzjglq5ri9-ruff-0.9.2"
        },
        "x86_64-linux": {
          "outputs": [
            {
              "name": "out",
              "path": "/nix/store/hbsacm4azgal75ilgkkibz6a0gvhp9qy-ruff-0.9.2",
              "default": true
            }
          ],
          "store_path": "/nix/store/hbsacm4azgal75ilgkkibz6a0gvhp9qy-ruff-0.9.2"
        }
      }
    },
    "shellcheck@latest": {
      "last_modified": "2024-12-23T21:10:33Z",
      "resolved": "github:NixOS/nixpkgs/de1864217bfa9b5845f465e771e0ecb48b30e02d#shellcheck",
      "source": "devbox-search",
      "version": "0.10.0",
      "systems": {
        "aarch64-darwin": {
          "outputs": [
            {
              "name": "bin",
              "path": "/nix/store/n2n09kxq2d077jfl4lsfdky68mfqljsp-shellcheck-0.10.0-bin",
              "default": true
            },
            {
              "name": "man",
              "path": "/nix/store/2ffg4iskkjnqwspj5cnyc9r5fi5crqpi-shellcheck-0.10.0-man",
              "default": true
            },
            {
              "name": "doc",
              "path": "/nix/store/qx18mj9h0h3yzzn9671ycv8i5f34wnfj-shellcheck-0.10.0-doc",
              "default": true
            },
            {
              "name": "out",
              "path": "/nix/store/rrq5w2sg6l23v4adqqzvhajl0hm6fij9-shellcheck-0.10.0"
            }
          ],
          "store_path": "/nix/store/n2n09kxq2d077jfl4lsfdky68mfqljsp-shellcheck-0.10.0-bin"
        },
        "aarch64-linux": {
          "outputs": [
            {
              "name": "bin",
              "path": "/nix/store/d9pyyl4zz5vhdd1ja1rij8rvx4g2zr0q-shellcheck-0.10.0-bin",
              "default": true
            },
            {
              "name": "man",
              "path": "/nix/store/cyc84gzdk9jgnim7vhlkj2jyrzy3f6l0-shellcheck-0.10.0-man",
              "default": true
            },
            {
              "name": "doc",
              "path": "/nix/store/ylrpz2sqh1fd4c1gc5qpqfaijzb4qcf8-shellcheck-0.10.0-doc",
              "default": true
            },
            {
              "name": "out",
              "path": "/nix/store/b1dsjs45mfsv84lh7j7vvy9hii1m3irr-shellcheck-0.10.0"
            }
          ],
          "store_path": "/nix/store/d9pyyl4zz5vhdd1ja1rij8rvx4g2zr0q-shellcheck-0.10.0-bin"
        },
        "x86_64-darwin": {
          "outputs": [
            {
              "name": "bin",
              "path": "/nix/store/l00pkvfjax8rs8if17ygwhaaw1279rx1-shellcheck-0.10.0-bin",
              "default": true
            },
            {
              "name": "man",
              "path": "/nix/store/xqcbch1l3h8wn9h154a02w34cyl6b7bi-shellcheck-0.10.0-man",
              "default": true
            },
            {
              "name": "doc",
              "path": "/nix/store/pzjhf3vkqgv8vss9z96mgrca53njyq3y-shellcheck-0.10.0-doc",
              "default": true
            },
            {
              "name": "out",
              "path": "/nix/store/fwj1zqqmikw8l625q5s5spy1jqx29dyr-shellcheck-0.10.0"
            }
          ],
          "store_path": "/nix/store/l00pkvfjax8rs8if17ygwhaaw1279rx1-shellcheck-0.10.0-bin"
        },
        "x86_64-linux": {
          "outputs": [
            {
              "name": "bin",
              "path": "/nix/store/g6fx0dy7203d6b9mcm366wqjlvgjk4bg-shellcheck-0.10.0-bin",
              "default": true
            },
            {
              "name": "man",
              "path": "/nix/store/b6df9qlddfzy8a6aqcnyysdpja2cd1mv-shellcheck-0.10.0-man",
              "default": true
            },
            {
              "name": "doc",
              "path": "/nix/store/blxfb83f55nwpyad301pdxddadid5x6s-shellcheck-0.10.0-doc",
              "default": true
            },
            {
              "name": "out",
              "path": "/nix/store/6qxij2ij5b5hisqhyssdx019slgkqpnn-shellcheck-0.10.0"
            }
          ],
          "store_path": "/nix/store/g6fx0dy7203d6b9mcm366wqjlvgjk4bg-shellcheck-0.10.0-bin"
        }
      }
    },
    "skjold@latest": {
      "last_modified": "2024-12-23T21:10:33Z",
      "resolved": "github:NixOS/nixpkgs/de1864217bfa9b5845f465e771e0ecb48b30e02d#skjold",
      "source": "devbox-search",
      "version": "0.6.2",
      "systems": {
        "aarch64-darwin": {
          "outputs": [
            {
              "name": "out",
              "path": "/nix/store/snd4wixs7094wz867q61cfd8vswih7ja-skjold-0.6.2",
              "default": true
            },
            {
              "name": "dist",
              "path": "/nix/store/bd2lcaw9ddmd2sg8a2bpbdv6fp3a8jrj-skjold-0.6.2-dist"
            }
          ],
          "store_path": "/nix/store/snd4wixs7094wz867q61cfd8vswih7ja-skjold-0.6.2"
        },
        "aarch64-linux": {
          "outputs": [
            {
              "name": "out",
              "path": "/nix/store/nfwdjr282v7pg28sqwncbpfww39na8b1-skjold-0.6.2",
              "default": true
            },
            {
              "name": "dist",
              "path": "/nix/store/84a005rz79j12dcm3hx73lgy2p7g6vn3-skjold-0.6.2-dist"
            }
          ],
          "store_path": "/nix/store/nfwdjr282v7pg28sqwncbpfww39na8b1-skjold-0.6.2"
        },
        "x86_64-darwin": {
          "outputs": [
            {
              "name": "out",
              "path": "/nix/store/qwq2wrqbb89m31nbqcg2wpd27w7x1k0s-skjold-0.6.2",
              "default": true
            },
            {
              "name": "dist",
              "path": "/nix/store/xa06saa5gsjxi2yp8a1wyx00xia2kxhl-skjold-0.6.2-dist"
            }
          ],
          "store_path": "/nix/store/qwq2wrqbb89m31nbqcg2wpd27w7x1k0s-skjold-0.6.2"
        },
        "x86_64-linux": {
          "outputs": [
            {
              "name": "out",
              "path": "/nix/store/inzfcxnkv3xg8k40g8rn9ann18px28j0-skjold-0.6.2",
              "default": true
            },
            {
              "name": "dist",
              "path": "/nix/store/rwdwszpl2kmn7b30qkqkgcnd8m6vf0mw-skjold-0.6.2-dist"
            }
          ],
          "store_path": "/nix/store/inzfcxnkv3xg8k40g8rn9ann18px28j0-skjold-0.6.2"
        }
      }
    },
    "tmux@latest": {
      "last_modified": "2024-09-28T11:58:19Z",
      "resolved": "github:NixOS/nixpkgs/b5b2fecd0cadd82ef107c9583018f381ae70f222#tmux",
      "source": "devbox-search",
      "version": "3.5",
      "systems": {
        "aarch64-darwin": {
          "outputs": [
            {
              "name": "out",
              "path": "/nix/store/hb9rmacsyjn2jbkfl12ax66qj9z86w8l-tmux-3.5",
              "default": true
            },
            {
              "name": "man",
              "path": "/nix/store/fzmxcplr3rqr0vm642fyschn4n43q43p-tmux-3.5-man",
              "default": true
            }
          ],
          "store_path": "/nix/store/hb9rmacsyjn2jbkfl12ax66qj9z86w8l-tmux-3.5"
        },
        "aarch64-linux": {
          "outputs": [
            {
              "name": "out",
              "path": "/nix/store/02sk9lggxfn3l59fk4zcyz5mr2li0zk9-tmux-3.5",
              "default": true
            },
            {
              "name": "man",
              "path": "/nix/store/mhsiwx0famlrp02d0lkiwdjiad5kc0qi-tmux-3.5-man",
              "default": true
            }
          ],
          "store_path": "/nix/store/02sk9lggxfn3l59fk4zcyz5mr2li0zk9-tmux-3.5"
        },
        "x86_64-darwin": {
          "outputs": [
            {
              "name": "out",
              "path": "/nix/store/ssaxd12iqz2mzacm782jpmyhdwydd4ra-tmux-3.5",
              "default": true
            },
            {
              "name": "man",
              "path": "/nix/store/zwsa51g32xdfpk9q2lpvvbrixf6jzhp3-tmux-3.5-man",
              "default": true
            }
          ],
          "store_path": "/nix/store/ssaxd12iqz2mzacm782jpmyhdwydd4ra-tmux-3.5"
        },
        "x86_64-linux": {
          "outputs": [
            {
              "name": "out",
              "path": "/nix/store/ci8crawb4cqjlqsmvbr9q27hpc16pbf9-tmux-3.5",
              "default": true
            },
            {
              "name": "man",
              "path": "/nix/store/ld4q0lkfk2vkh4jj6ql01j0qyb2g8qlj-tmux-3.5-man",
              "default": true
            }
          ],
          "store_path": "/nix/store/ci8crawb4cqjlqsmvbr9q27hpc16pbf9-tmux-3.5"
        }
      }
    },
    "tmuxinator@latest": {
      "last_modified": "2024-12-26T01:25:00Z",
      "resolved": "github:NixOS/nixpkgs/16e046229f3b4f53257973a5532bcbb72457d2f2#tmuxinator",
      "source": "devbox-search",
      "version": "3.3.3",
      "systems": {
        "aarch64-darwin": {
          "outputs": [
            {
              "name": "out",
              "path": "/nix/store/liw74nlxbsz86idkalwyc4g2vlpmms8j-tmuxinator-3.3.3",
              "default": true
            }
          ],
          "store_path": "/nix/store/liw74nlxbsz86idkalwyc4g2vlpmms8j-tmuxinator-3.3.3"
        },
        "aarch64-linux": {
          "outputs": [
            {
              "name": "out",
              "path": "/nix/store/31lgcsq5jy6qbrmgwd4maw8yypb21rx6-tmuxinator-3.3.3",
              "default": true
            }
          ],
          "store_path": "/nix/store/31lgcsq5jy6qbrmgwd4maw8yypb21rx6-tmuxinator-3.3.3"
        },
        "x86_64-darwin": {
          "outputs": [
            {
              "name": "out",
              "path": "/nix/store/fbfq5n3rhk5rxpbqpln4rw1b2n83rczi-tmuxinator-3.3.3",
              "default": true
            }
          ],
          "store_path": "/nix/store/fbfq5n3rhk5rxpbqpln4rw1b2n83rczi-tmuxinator-3.3.3"
        },
        "x86_64-linux": {
          "outputs": [
            {
              "name": "out",
              "path": "/nix/store/0b168gv14kb449qag8x1psmqhkl7pgx1-tmuxinator-3.3.3",
              "default": true
            }
          ],
          "store_path": "/nix/store/0b168gv14kb449qag8x1psmqhkl7pgx1-tmuxinator-3.3.3"
        }
      }
    },
    "twine@latest": {
      "last_modified": "2026-07-08T21:13:06Z",
      "resolved": "github:NixOS/nixpkgs/389ed85304b281ca7f306cf8a1eb4378651ca44e#twine",
      "source": "devbox-search",
      "version": "6.2.0",
      "systems": {
        "aarch64-darwin": {
          "outputs": [
            {
              "name": "out",
              "path": "/nix/store/kr5x0x24jf78af6i38fjrn455cqa12l0-python3.14-twine-6.2.0",
              "default": true
            },
            {
              "name": "dist",
              "path": "/nix/store/i9lj3sbb8yxin2vkhv13w911r5n43agk-python3.14-twine-6.2.0-dist"
            }
          ],
          "store_path": "/nix/store/kr5x0x24jf78af6i38fjrn455cqa12l0-python3.14-twine-6.2.0"
        },
        "aarch64-linux": {
          "outputs": [
            {
              "name": "out",
              "path": "/nix/store/j2wp3ylpl6hwklk3nh9fvcnn3cp5nd1z-python3.14-twine-6.2.0",
              "default": true
            },
            {
              "name": "dist",
              "path": "/nix/store/36lfgfbxnpf9n7g7lsdjfb625ka7acwz-python3.14-twine-6.2.0-dist"
            }
          ],
          "store_path": "/nix/store/j2wp3ylpl6hwklk3nh9fvcnn3cp5nd1z-python3.14-twine-6.2.0"
        },
        "x86_64-darwin": {
          "outputs": [
            {
              "name": "out",
              "path": "/nix/store/i3alv438mdv8b9m6qn2zgv0jnfphpgrf-python3.13-twine-6.2.0",
              "default": true
            },
            {
              "name": "dist",
              "path": "/nix/store/clcpar8c7yxybhf5y8hycvcfcr12bmmp-python3.13-twine-6.2.0-dist"
            }
          ],
          "store_path": "/nix/store/i3alv438mdv8b9m6qn2zgv0jnfphpgrf-python3.13-twine-6.2.0"
        },
        "x86_64-linux": {
          "outputs": [
            {
              "name": "out",
              "path": "/nix/store/hgy8r4zkzfy2ry4x6i199fy7zfpv58i7-python3.14-twine-6.2.0",
              "default": true
            },
            {
              "name": "dist",
              "path": "/nix/store/3djaf3hy2l72m0sacpjr7154cc9kmmbk-python3.14-twine-6.2.0-dist"
            }
          ],
          "store_path": "/nix/store/hgy8r4zkzfy2ry4x6i199fy7zfpv58i7-python3.14-twine-6.2.0"
        }
      }
    },
    "uv@latest": {
      "last_modified": "2026-05-31T16:57:23Z",
      "resolved": "github:NixOS/nixpkgs/3109eaae18e09d0b8aef23dc2579e7d94b8d4b4e#uv",
      "source": "devbox-search",
      "version": "0.11.17",
      "systems": {
        "aarch64-darwin": {
          "outputs": [
            {
              "name": "out",
              "path": "/nix/store/vac3cff9gy7gwsc7fkvq6xam9y6pyfis-uv-0.11.17",
              "default": true
            }
          ],
          "store_path": "/nix/store/vac3cff9gy7gwsc7fkvq6xam9y6pyfis-uv-0.11.17"
        },
        "aarch64-linux": {
          "outputs": [
            {
              "name": "out",
              "path": "/nix/store/44ca5s53vkly9vz5rmb6f9m4v562ilqj-uv-0.11.17",
              "default": true
            }
          ],
          "store_path": "/nix/store/44ca5s53vkly9vz5rmb6f9m4v562ilqj-uv-0.11.17"
        },
        "x86_64-darwin": {
          "outputs": [
            {
              "name": "out",
              "path": "/nix/store/qnird3c2xrh089mwjir4hb756awibiiz-uv-0.11.17",
              "default": true
            }
          ],
          "store_path": "/nix/store/qnird3c2xrh089mwjir4hb756awibiiz-uv-0.11.17"
        },
        "x86_64-linux": {
          "outputs": [
            {
              "name": "out",
              "path": "/nix/store/9yd6g2f18vlqqmj38rdgm3ih5q8022d4-uv-0.11.17",
              "default": true
            }
          ],
          "store_path": "/nix/store/9yd6g2f18vlqqmj38rdgm3ih5q8022d4-uv-0.11.17"
        }
      }
    }
  }
}
