{
  "lockfile_version": "1",
  "packages": {
    "gitmux@latest": {
      "last_modified": "2024-12-23T21:10:33Z",
      "resolved": "github:NixOS/nixpkgs/de1864217bfa9b5845f465e771e0ecb48b30e02d#gitmux",
      "source": "devbox-search",
      "version": "0.11.2",
      "systems": {
        "aarch64-darwin": {
          "outputs": [
            {
              "name": "out",
              "path": "/nix/store/b3jxn8c2llx7bpi5g3vjjy960cmrhb6g-gitmux-0.11.2",
              "default": true
            }
          ],
          "store_path": "/nix/store/b3jxn8c2llx7bpi5g3vjjy960cmrhb6g-gitmux-0.11.2"
        },
        "aarch64-linux": {
          "outputs": [
            {
              "name": "out",
              "path": "/nix/store/18rm60lwwb63kl86ww83x9mpzdz3j7hd-gitmux-0.11.2",
              "default": true
            }
          ],
          "store_path": "/nix/store/18rm60lwwb63kl86ww83x9mpzdz3j7hd-gitmux-0.11.2"
        },
        "x86_64-darwin": {
          "outputs": [
            {
              "name": "out",
              "path": "/nix/store/frbj3wsj8was8rv7v23vfps4b98y63jx-gitmux-0.11.2",
              "default": true
            }
          ],
          "store_path": "/nix/store/frbj3wsj8was8rv7v23vfps4b98y63jx-gitmux-0.11.2"
        },
        "x86_64-linux": {
          "outputs": [
            {
              "name": "out",
              "path": "/nix/store/mvz21yzw2sqdx9vymn27bjwi6jph0w9k-gitmux-0.11.2",
              "default": true
            }
          ],
          "store_path": "/nix/store/mvz21yzw2sqdx9vymn27bjwi6jph0w9k-gitmux-0.11.2"
        }
      }
    },
    "gnumake@latest": {
      "last_modified": "2024-12-28T05:01:57Z",
      "resolved": "github:NixOS/nixpkgs/9e09ce2d47c7700b877becef99ce7e27f15604dc#gnumake",
      "source": "devbox-search",
      "version": "4.4.1",
      "systems": {
        "aarch64-darwin": {
          "outputs": [
            {
              "name": "out",
              "path": "/nix/store/kz7hhivh19j3fswz9i5knbq3xwsy7sp5-gnumake-4.4.1",
              "default": true
            },
            {
              "name": "man",
              "path": "/nix/store/8ndq9xqci1861y6fb97xgm90qxq3m9lj-gnumake-4.4.1-man",
              "default": true
            },
            {
              "name": "info",
              "path": "/nix/store/8677qdd03vfyb4zl9jqa1l3gf5nn42l0-gnumake-4.4.1-info"
            }
          ],
          "store_path": "/nix/store/kz7hhivh19j3fswz9i5knbq3xwsy7sp5-gnumake-4.4.1"
        },
        "aarch64-linux": {
          "outputs": [
            {
              "name": "out",
              "path": "/nix/store/vdn3rar5zcrg0mh406h4abq3w2d12hy2-gnumake-4.4.1",
              "default": true
            },
            {
              "name": "man",
              "path": "/nix/store/rim19s0wcffh71ma2bgm0hifpr71p3dz-gnumake-4.4.1-man",
              "default": true
            },
            {
              "name": "info",
              "path": "/nix/store/hnkqb83x19qv9hwa8l5vkvv2y21yps32-gnumake-4.4.1-info"
            },
            {
              "name": "debug",
              "path": "/nix/store/gfsbcjrv2lxgipzsn3a65flqll44ihis-gnumake-4.4.1-debug"
            }
          ],
          "store_path": "/nix/store/vdn3rar5zcrg0mh406h4abq3w2d12hy2-gnumake-4.4.1"
        },
        "x86_64-darwin": {
          "outputs": [
            {
              "name": "out",
              "path": "/nix/store/i68j153lqxkvyhflqip2lqxy9zqsf6k2-gnumake-4.4.1",
              "default": true
            },
            {
              "name": "man",
              "path": "/nix/store/mfcp0r854jpqn1vckhycabla9mwzfsff-gnumake-4.4.1-man",
              "default": true
            },
            {
              "name": "info",
              "path": "/nix/store/a0k03x1jwp180cwppi1yqd8h535p5ck6-gnumake-4.4.1-info"
            }
          ],
          "store_path": "/nix/store/i68j153lqxkvyhflqip2lqxy9zqsf6k2-gnumake-4.4.1"
        },
        "x86_64-linux": {
          "outputs": [
            {
              "name": "out",
              "path": "/nix/store/nmj7y4f9zkbzsb51wbnbf2yksa4ncprj-gnumake-4.4.1",
              "default": true
            },
            {
              "name": "man",
              "path": "/nix/store/4dwhf5vn36rxg6xk98qsswyhvzywqdh9-gnumake-4.4.1-man",
              "default": true
            },
            {
              "name": "debug",
              "path": "/nix/store/6vzw9g0p9n5467agw5z4l68xbwpzr79x-gnumake-4.4.1-debug"
            },
            {
              "name": "info",
              "path": "/nix/store/1cw85sbjpl43k7qdwhpcmz63rq0f54jc-gnumake-4.4.1-info"
            }
          ],
          "store_path": "/nix/store/nmj7y4f9zkbzsb51wbnbf2yksa4ncprj-gnumake-4.4.1"
        }
      }
    },
    "hadolint@latest": {
      "last_modified": "2024-12-23T21:10:33Z",
      "resolved": "github:NixOS/nixpkgs/de1864217bfa9b5845f465e771e0ecb48b30e02d#hadolint",
      "source": "devbox-search",
      "version": "2.12.0",
      "systems": {
        "aarch64-darwin": {
          "outputs": [
            {
              "name": "out",
              "path": "/nix/store/0v36s261w87125xzjd2brmnrcccpa8vg-hadolint-2.12.0",
              "default": true
            },
            {
              "name": "doc",
              "path": "/nix/store/41rlnh9ir4wdmiabjrjg54z7b3lfm4vf-hadolint-2.12.0-doc"
            }
          ],
          "store_path": "/nix/store/0v36s261w87125xzjd2brmnrcccpa8vg-hadolint-2.12.0"
        },
        "aarch64-linux": {
          "outputs": [
            {
              "name": "out",
              "path": "/nix/store/yrnar1ar1kyjpn9idxa446b7rlnksmcz-hadolint-2.12.0",
              "default": true
            }
          ],
          "store_path": "/nix/store/yrnar1ar1kyjpn9idxa446b7rlnksmcz-hadolint-2.12.0"
        },
        "x86_64-darwin": {
          "outputs": [
            {
              "name": "out",
              "path": "/nix/store/wcnjdyzj2l0bq29s0z2h82jwhczmw7wj-hadolint-2.12.0",
              "default": true
            }
          ],
          "store_path": "/nix/store/wcnjdyzj2l0bq29s0z2h82jwhczmw7wj-hadolint-2.12.0"
        },
        "x86_64-linux": {
          "outputs": [
            {
              "name": "out",
              "path": "/nix/store/3q3vv1lkxiz1bj56nj5h4qp5xn8ns9ij-hadolint-2.12.0",
              "default": true
            }
          ],
          "store_path": "/nix/store/3q3vv1lkxiz1bj56nj5h4qp5xn8ns9ij-hadolint-2.12.0"
        }
      }
    },
    "nodejs@latest": {
      "last_modified": "2024-12-23T21:10:33Z",
      "plugin_version": "0.0.2",
      "resolved": "github:NixOS/nixpkgs/de1864217bfa9b5845f465e771e0ecb48b30e02d#nodejs_23",
      "source": "devbox-search",
      "version": "23.2.0",
      "systems": {
        "aarch64-darwin": {
          "outputs": [
            {
              "name": "out",
              "path": "/nix/store/h01fs5dy2aykhxfd2nvq2qzn5v88bmj2-nodejs-23.2.0",
              "default": true
            },
            {
              "name": "libv8",
              "path": "/nix/store/rpafhg74x82viy5d5ri5llikkd0nv0jy-nodejs-23.2.0-libv8"
            }
          ],
          "store_path": "/nix/store/h01fs5dy2aykhxfd2nvq2qzn5v88bmj2-nodejs-23.2.0"
        },
        "aarch64-linux": {
          "outputs": [
            {
              "name": "out",
              "path": "/nix/store/24jjyqsk2bf45a9vc6p24l55v058n0fb-nodejs-23.2.0",
              "default": true
            },
            {
              "name": "libv8",
              "path": "/nix/store/lifan3dprdmnkhs6fk537zhs92baqm9x-nodejs-23.2.0-libv8"
            }
          ],
          "store_path": "/nix/store/24jjyqsk2bf45a9vc6p24l55v058n0fb-nodejs-23.2.0"
        },
        "x86_64-darwin": {
          "outputs": [
            {
              "name": "out",
              "path": "/nix/store/5ckvci4i16whdx5n1vxj14as01kwp1iz-nodejs-23.2.0",
              "default": true
            },
            {
              "name": "libv8",
              "path": "/nix/store/13sfp639j9d69n1rjc0a9z3y7xxfwm23-nodejs-23.2.0-libv8"
            }
          ],
          "store_path": "/nix/store/5ckvci4i16whdx5n1vxj14as01kwp1iz-nodejs-23.2.0"
        },
        "x86_64-linux": {
          "outputs": [
            {
              "name": "out",
              "path": "/nix/store/cgkpjpl1hspg30dlmv4hhvlhbvik1bn1-nodejs-23.2.0",
              "default": true
            },
            {
              "name": "libv8",
              "path": "/nix/store/3mma5xpnfggra9as4l9ibvihx70qm7wc-nodejs-23.2.0-libv8"
            }
          ],
          "store_path": "/nix/store/cgkpjpl1hspg30dlmv4hhvlhbvik1bn1-nodejs-23.2.0"
        }
      }
    },
    "poetry@latest": {
      "last_modified": "2025-01-14T01:21:38Z",
      "plugin_version": "0.0.4",
      "resolved": "github:NixOS/nixpkgs/2b1fca3296ddd1602d2c4f104a4050e006f4b0cb#poetry",
      "source": "devbox-search",
      "version": "2.0.0",
      "systems": {
        "aarch64-darwin": {
          "outputs": [
            {
              "name": "out",
              "path": "/nix/store/13j1bmndxwgphq4ng1cvwpbrl8jzszwg-python3.12-poetry-2.0.0",
              "default": true
            },
            {
              "name": "dist",
              "path": "/nix/store/b41a96zmnk1cny0j8j4sf11j9mi992g2-python3.12-poetry-2.0.0-dist"
            }
          ],
          "store_path": "/nix/store/13j1bmndxwgphq4ng1cvwpbrl8jzszwg-python3.12-poetry-2.0.0"
        },
        "aarch64-linux": {
          "outputs": [
            {
              "name": "out",
              "path": "/nix/store/0id2166i8ad7rssb1ilhplab739vhq72-python3.12-poetry-2.0.0",
              "default": true
            },
            {
              "name": "dist",
              "path": "/nix/store/3m4lc95y78ij7bvqfq0286cqsbfgs3ib-python3.12-poetry-2.0.0-dist"
            }
          ],
          "store_path": "/nix/store/0id2166i8ad7rssb1ilhplab739vhq72-python3.12-poetry-2.0.0"
        },
        "x86_64-darwin": {
          "outputs": [
            {
              "name": "out",
              "path": "/nix/store/dqi8ya75gry33mfkpq93p32x32hwdma6-python3.12-poetry-2.0.0",
              "default": true
            },
            {
              "name": "dist",
              "path": "/nix/store/z46ahrbrvnhgd9w35h3lzyws6p3dz18m-python3.12-poetry-2.0.0-dist"
            }
          ],
          "store_path": "/nix/store/dqi8ya75gry33mfkpq93p32x32hwdma6-python3.12-poetry-2.0.0"
        },
        "x86_64-linux": {
          "outputs": [
            {
              "name": "out",
              "path": "/nix/store/kkvsbp087fq00gb1z9lvbjjd7c7zdy9d-python3.12-poetry-2.0.0",
              "default": true
            },
            {
              "name": "dist",
              "path": "/nix/store/j0sfh1a17fc6hqfgsqrmkfm8kx8xhn6f-python3.12-poetry-2.0.0-dist"
            }
          ],
          "store_path": "/nix/store/kkvsbp087fq00gb1z9lvbjjd7c7zdy9d-python3.12-poetry-2.0.0"
        }
      }
    },
    "pre-commit@latest": {
      "last_modified": "2025-01-11T15:21:40Z",
      "resolved": "github:NixOS/nixpkgs/590cc22eefd616c8f90608870d28afe25d37e8b8#pre-commit",
      "source": "devbox-search",
      "version": "4.0.1",
      "systems": {
        "aarch64-darwin": {
          "outputs": [
            {
              "name": "out",
              "path": "/nix/store/9cnm40lfhkykyj7bwhg5ldb1x1r4piv9-pre-commit-4.0.1",
              "default": true
            },
            {
              "name": "dist",
              "path": "/nix/store/g53lmq7ii59yh5la4ybj2i0zsc25avsd-pre-commit-4.0.1-dist"
            }
          ],
          "store_path": "/nix/store/9cnm40lfhkykyj7bwhg5ldb1x1r4piv9-pre-commit-4.0.1"
        },
        "aarch64-linux": {
          "outputs": [
            {
              "name": "out",
              "path": "/nix/store/ajy3kf03maa564l2l0jqvgs7plw0dma9-pre-commit-4.0.1",
              "default": true
            },
            {
              "name": "dist",
              "path": "/nix/store/fzc8p64gaidhmvn0v11ky5h01jkhc5my-pre-commit-4.0.1-dist"
            }
          ],
          "store_path": "/nix/store/ajy3kf03maa564l2l0jqvgs7plw0dma9-pre-commit-4.0.1"
        },
        "x86_64-darwin": {
          "outputs": [
            {
              "name": "out",
              "path": "/nix/store/9if5395ypzra8wv10qywyx74aq4abk2n-pre-commit-4.0.1",
              "default": true
            },
            {
              "name": "dist",
              "path": "/nix/store/ixc8jnpf445cvf799hn6nhm9iracksn5-pre-commit-4.0.1-dist"
            }
          ],
          "store_path": "/nix/store/9if5395ypzra8wv10qywyx74aq4abk2n-pre-commit-4.0.1"
        },
        "x86_64-linux": {
          "outputs": [
            {
              "name": "out",
              "path": "/nix/store/p8dn88jif3gc7yjsiw50yfng125s18bw-pre-commit-4.0.1",
              "default": true
            },
            {
              "name": "dist",
              "path": "/nix/store/6rjz15w4mfz1zsf9cq16qlz38fnxh0lw-pre-commit-4.0.1-dist"
            }
          ],
          "store_path": "/nix/store/p8dn88jif3gc7yjsiw50yfng125s18bw-pre-commit-4.0.1"
        }
      }
    },
    "python311Packages.autopep8@latest": {
      "last_modified": "2024-12-03T12:40:06Z",
      "resolved": "github:NixOS/nixpkgs/566e53c2ad750c84f6d31f9ccb9d00f823165550#python311Packages.autopep8",
      "source": "devbox-search",
      "version": "2.3.1",
      "systems": {
        "aarch64-darwin": {
          "outputs": [
            {
              "name": "out",
              "path": "/nix/store/7rcab12nq05abn6bcwzrhfrx00vl0dar-python3.11-autopep8-2.3.1",
              "default": true
            },
            {
              "name": "dist",
              "path": "/nix/store/9pjnp3c44s6ir9ylsx5qzd6nl8n0fxg6-python3.11-autopep8-2.3.1-dist"
            }
          ],
          "store_path": "/nix/store/7rcab12nq05abn6bcwzrhfrx00vl0dar-python3.11-autopep8-2.3.1"
        },
        "aarch64-linux": {
          "outputs": [
            {
              "name": "out",
              "path": "/nix/store/6df7ciad3f064fdzdh4yn0wqks2d4jmr-python3.11-autopep8-2.3.1",
              "default": true
            },
            {
              "name": "dist",
              "path": "/nix/store/k019xf8ln9vbw0il8jkm5c8ba74fs79d-python3.11-autopep8-2.3.1-dist"
            }
          ],
          "store_path": "/nix/store/6df7ciad3f064fdzdh4yn0wqks2d4jmr-python3.11-autopep8-2.3.1"
        },
        "x86_64-darwin": {
          "outputs": [
            {
              "name": "out",
              "path": "/nix/store/bvi8wdx5g78wwn12vxsl03fz5lhcsrgk-python3.11-autopep8-2.3.1",
              "default": true
            },
            {
              "name": "dist",
              "path": "/nix/store/agdizc5kibdaw9zlibc78nvfixabxxqb-python3.11-autopep8-2.3.1-dist"
            }
          ],
          "store_path": "/nix/store/bvi8wdx5g78wwn12vxsl03fz5lhcsrgk-python3.11-autopep8-2.3.1"
        },
        "x86_64-linux": {
          "outputs": [
            {
              "name": "out",
              "path": "/nix/store/qq357f3zw0pnpdvl0nbwx875r8nj8a8r-python3.11-autopep8-2.3.1",
              "default": true
            },
            {
              "name": "dist",
              "path": "/nix/store/mfp7l3lylijii75aqpfadmhk1l5wsmyx-python3.11-autopep8-2.3.1-dist"
            }
          ],
          "store_path": "/nix/store/qq357f3zw0pnpdvl0nbwx875r8nj8a8r-python3.11-autopep8-2.3.1"
        }
      }
    },
    "python311Packages.bandit@latest": {
      "last_modified": "2024-12-13T21:43:23Z",
      "resolved": "github:NixOS/nixpkgs/71a6392e367b08525ee710a93af2e80083b5b3e2#python311Packages.bandit",
      "source": "devbox-search",
      "version": "1.7.10",
      "systems": {
        "aarch64-darwin": {
          "outputs": [
            {
              "name": "out",
              "path": "/nix/store/pxdaf241vkag8244vfrc34i4c0yv41ri-python3.11-bandit-1.7.10",
              "default": true
            },
            {
              "name": "dist",
              "path": "/nix/store/5cra1vmxr4knmxlmm882l5dmjc23g0n8-python3.11-bandit-1.7.10-dist"
            }
          ],
          "store_path": "/nix/store/pxdaf241vkag8244vfrc34i4c0yv41ri-python3.11-bandit-1.7.10"
        },
        "aarch64-linux": {
          "outputs": [
            {
              "name": "out",
              "path": "/nix/store/xy254lhhbil8vsm0xnv70kwbxlnaqmmf-python3.11-bandit-1.7.10",
              "default": true
            },
            {
              "name": "dist",
              "path": "/nix/store/9dn95nga3412h61j0avcx5p5fs53iwys-python3.11-bandit-1.7.10-dist"
            }
          ],
          "store_path": "/nix/store/xy254lhhbil8vsm0xnv70kwbxlnaqmmf-python3.11-bandit-1.7.10"
        },
        "x86_64-darwin": {
          "outputs": [
            {
              "name": "out",
              "path": "/nix/store/lkpdm0nd9n1l9kx0143pvq29qngija77-python3.11-bandit-1.7.10",
              "default": true
            },
            {
              "name": "dist",
              "path": "/nix/store/q9fjzqyxilagwd7yzwzh096s4ygsishl-python3.11-bandit-1.7.10-dist"
            }
          ],
          "store_path": "/nix/store/lkpdm0nd9n1l9kx0143pvq29qngija77-python3.11-bandit-1.7.10"
        },
        "x86_64-linux": {
          "outputs": [
            {
              "name": "out",
              "path": "/nix/store/w05c4vaplhxz9xgrnvawq08qjs6wdh1g-python3.11-bandit-1.7.10",
              "default": true
            },
            {
              "name": "dist",
              "path": "/nix/store/58hl0dwxzxfv28cr6bsmp3sxky81vy7i-python3.11-bandit-1.7.10-dist"
            }
          ],
          "store_path": "/nix/store/w05c4vaplhxz9xgrnvawq08qjs6wdh1g-python3.11-bandit-1.7.10"
        }
      }
    },
    "python311Packages.pyroma@latest": {
      "last_modified": "2024-12-03T12:40:06Z",
      "resolved": "github:NixOS/nixpkgs/566e53c2ad750c84f6d31f9ccb9d00f823165550#python311Packages.pyroma",
      "source": "devbox-search",
      "version": "4.2",
      "systems": {
        "aarch64-darwin": {
          "outputs": [
            {
              "name": "out",
              "path": "/nix/store/01s14s3i1ym072f3d53a2j2db873csn5-python3.11-pyroma-4.2",
              "default": true
            },
            {
              "name": "dist",
              "path": "/nix/store/dnkqw4wfjg03x32dzg2v9m7q48nckhz6-python3.11-pyroma-4.2-dist"
            }
          ],
          "store_path": "/nix/store/01s14s3i1ym072f3d53a2j2db873csn5-python3.11-pyroma-4.2"
        },
        "aarch64-linux": {
          "outputs": [
            {
              "name": "out",
              "path": "/nix/store/jvca5zzzh6x2vzczy82plwh1rb1sjb5k-python3.11-pyroma-4.2",
              "default": true
            },
            {
              "name": "dist",
              "path": "/nix/store/4in77l3qkk6arv0lxk7xxclznp8zgfv5-python3.11-pyroma-4.2-dist"
            }
          ],
          "store_path": "/nix/store/jvca5zzzh6x2vzczy82plwh1rb1sjb5k-python3.11-pyroma-4.2"
        },
        "x86_64-darwin": {
          "outputs": [
            {
              "name": "out",
              "path": "/nix/store/d3zr9gk2mlchzi1lsfpi99dq6z0b581y-python3.11-pyroma-4.2",
              "default": true
            },
            {
              "name": "dist",
              "path": "/nix/store/y1fq1l389ckvs2r6ypcq1mv7214iqln3-python3.11-pyroma-4.2-dist"
            }
          ],
          "store_path": "/nix/store/d3zr9gk2mlchzi1lsfpi99dq6z0b581y-python3.11-pyroma-4.2"
        },
        "x86_64-linux": {
          "outputs": [
            {
              "name": "out",
              "path": "/nix/store/qlgmidsa290b4absj0k5sslhmxxn51mp-python3.11-pyroma-4.2",
              "default": true
            },
            {
              "name": "dist",
              "path": "/nix/store/bjr2mj90306mja1hw2r8h25pbvi4d4nj-python3.11-pyroma-4.2-dist"
            }
          ],
          "store_path": "/nix/store/qlgmidsa290b4absj0k5sslhmxxn51mp-python3.11-pyroma-4.2"
        }
      }
    },
    "python311Packages.pytest@latest": {
      "last_modified": "2024-12-21T22:31:51Z",
      "resolved": "github:NixOS/nixpkgs/7e4a1594489d41bf8e16046b28e14a0e264c9baa#python311Packages.pytest",
      "source": "devbox-search",
      "version": "8.3.3",
      "systems": {
        "aarch64-darwin": {
          "outputs": [
            {
              "name": "out",
              "path": "/nix/store/g5gcihkyp7kpinqa729r88hszsx9s51m-python3.11-pytest-8.3.3",
              "default": true
            },
            {
              "name": "dist",
              "path": "/nix/store/lkpaj7fqwpb2xy4fb3bii4802q8bvma7-python3.11-pytest-8.3.3-dist"
            },
            {
              "name": "testout",
              "path": "/nix/store/kzcrazyahgdnvapss3ry8nl4nlnfding-python3.11-pytest-8.3.3-testout"
            }
          ],
          "store_path": "/nix/store/g5gcihkyp7kpinqa729r88hszsx9s51m-python3.11-pytest-8.3.3"
        },
        "aarch64-linux": {
          "outputs": [
            {
              "name": "out",
              "path": "/nix/store/hnrww9wkx2jak3l1ibgq30s2kzwfmd5h-python3.11-pytest-8.3.3",
              "default": true
            },
            {
              "name": "testout",
              "path": "/nix/store/wm6wgk98x0sin2abkxniakrjzl2c93p8-python3.11-pytest-8.3.3-testout"
            },
            {
              "name": "dist",
              "path": "/nix/store/6kxca3l6r7g2w19hb8w57anpbr276r3k-python3.11-pytest-8.3.3-dist"
            }
          ],
          "store_path": "/nix/store/hnrww9wkx2jak3l1ibgq30s2kzwfmd5h-python3.11-pytest-8.3.3"
        },
        "x86_64-darwin": {
          "outputs": [
            {
              "name": "out",
              "path": "/nix/store/rksdmbizhqz3vb09jwji1zcxhcfs4k3m-python3.11-pytest-8.3.3",
              "default": true
            },
            {
              "name": "dist",
              "path": "/nix/store/vm43mjipngdq1hmg4rmd8szqqdy1170v-python3.11-pytest-8.3.3-dist"
            },
            {
              "name": "testout",
              "path": "/nix/store/bp1i64yajvhk19kfnqw6jpnfgw76yz6g-python3.11-pytest-8.3.3-testout"
            }
          ],
          "store_path": "/nix/store/rksdmbizhqz3vb09jwji1zcxhcfs4k3m-python3.11-pytest-8.3.3"
        },
        "x86_64-linux": {
          "outputs": [
            {
              "name": "out",
              "path": "/nix/store/b53ykpng437s20i0i51dbpppzy44j023-python3.11-pytest-8.3.3",
              "default": true
            },
            {
              "name": "dist",
              "path": "/nix/store/mzynawgbg9dscy3sbmfvv0ip6a8cxym3-python3.11-pytest-8.3.3-dist"
            },
            {
              "name": "testout",
              "path": "/nix/store/3sjh32lhz17vr27ym92fsral9lcf7pcl-python3.11-pytest-8.3.3-testout"
            }
          ],
          "store_path": "/nix/store/b53ykpng437s20i0i51dbpppzy44j023-python3.11-pytest-8.3.3"
        }
      }
    },
    "python311Packages.reorder-python-imports@latest": {
      "last_modified": "2024-12-03T12:40:06Z",
      "resolved": "github:NixOS/nixpkgs/566e53c2ad750c84f6d31f9ccb9d00f823165550#python311Packages.reorder-python-imports",
      "source": "devbox-search",
      "version": "3.13.0",
      "systems": {
        "aarch64-darwin": {
          "outputs": [
            {
              "name": "out",
              "path": "/nix/store/f40dbh5whc08jvzwlgvnfkfbh5prpk48-python3.11-reorder-python-imports-3.13.0",
              "default": true
            },
            {
              "name": "dist",
              "path": "/nix/store/6y97hnxkcwal13snkcxvq6q4mbpr0d8x-python3.11-reorder-python-imports-3.13.0-dist"
            }
          ],
          "store_path": "/nix/store/f40dbh5whc08jvzwlgvnfkfbh5prpk48-python3.11-reorder-python-imports-3.13.0"
        },
        "aarch64-linux": {
          "outputs": [
            {
              "name": "out",
              "path": "/nix/store/iifvvrr8yjkbipfp6gialn7dm0qxszvv-python3.11-reorder-python-imports-3.13.0",
              "default": true
            },
            {
              "name": "dist",
              "path": "/nix/store/qzxhyixbndg2nbc3y8r1las9q790sa38-python3.11-reorder-python-imports-3.13.0-dist"
            }
          ],
          "store_path": "/nix/store/iifvvrr8yjkbipfp6gialn7dm0qxszvv-python3.11-reorder-python-imports-3.13.0"
        },
        "x86_64-darwin": {
          "outputs": [
            {
              "name": "out",
              "path": "/nix/store/cl733y1qxsam32qxfqx9db2kygkqf37b-python3.11-reorder-python-imports-3.13.0",
              "default": true
            },
            {
              "name": "dist",
              "path": "/nix/store/9qa1g7d6g5mhs58k3z0yvmgkpgkaifxg-python3.11-reorder-python-imports-3.13.0-dist"
            }
          ],
          "store_path": "/nix/store/cl733y1qxsam32qxfqx9db2kygkqf37b-python3.11-reorder-python-imports-3.13.0"
        },
        "x86_64-linux": {
          "outputs": [
            {
              "name": "out",
              "path": "/nix/store/sik51qi4ysy3xwsn75m0r7vy3yn4iifw-python3.11-reorder-python-imports-3.13.0",
              "default": true
            },
            {
              "name": "dist",
              "path": "/nix/store/v1sx00pj9q28n56bqm2hamj6swv54kkr-python3.11-reorder-python-imports-3.13.0-dist"
            }
          ],
          "store_path": "/nix/store/sik51qi4ysy3xwsn75m0r7vy3yn4iifw-python3.11-reorder-python-imports-3.13.0"
        }
      }
    },
    "python311Packages.twine@latest": {
      "last_modified": "2024-12-09T13:13:08Z",
      "resolved": "github:NixOS/nixpkgs/bc27f0fde01ce4e1bfec1ab122d72b7380278e68#python311Packages.twine",
      "source": "devbox-search",
      "version": "5.1.1",
      "systems": {
        "aarch64-darwin": {
          "outputs": [
            {
              "name": "out",
              "path": "/nix/store/x282gn3v2v9cpzci97mc663hr721amfs-python3.11-twine-5.1.1",
              "default": true
            },
            {
              "name": "dist",
              "path": "/nix/store/bsd7x1hn5s79z0k8ab1yi3caf61zsjky-python3.11-twine-5.1.1-dist"
            }
          ],
          "store_path": "/nix/store/x282gn3v2v9cpzci97mc663hr721amfs-python3.11-twine-5.1.1"
        },
        "aarch64-linux": {
          "outputs": [
            {
              "name": "out",
              "path": "/nix/store/8vj5w4vp0bhc5f0czd1aj59kczi1nvsi-python3.11-twine-5.1.1",
              "default": true
            },
            {
              "name": "dist",
              "path": "/nix/store/lg1cavwbb4xp5f2hic0xap4pi4md6hnf-python3.11-twine-5.1.1-dist"
            }
          ],
          "store_path": "/nix/store/8vj5w4vp0bhc5f0czd1aj59kczi1nvsi-python3.11-twine-5.1.1"
        },
        "x86_64-darwin": {
          "outputs": [
            {
              "name": "out",
              "path": "/nix/store/1bx5naq3hl174clzdn8va9395303a4d7-python3.11-twine-5.1.1",
              "default": true
            },
            {
              "name": "dist",
              "path": "/nix/store/wz0vdcv1j9pczln86210vpyfx454vfni-python3.11-twine-5.1.1-dist"
            }
          ],
          "store_path": "/nix/store/1bx5naq3hl174clzdn8va9395303a4d7-python3.11-twine-5.1.1"
        },
        "x86_64-linux": {
          "outputs": [
            {
              "name": "out",
              "path": "/nix/store/37sipgl9l7a73k4r9ns0gp3csrf26adz-python3.11-twine-5.1.1",
              "default": true
            },
            {
              "name": "dist",
              "path": "/nix/store/cms7030cf4b8l57ahrpdakl15hv81gpf-python3.11-twine-5.1.1-dist"
            }
          ],
          "store_path": "/nix/store/37sipgl9l7a73k4r9ns0gp3csrf26adz-python3.11-twine-5.1.1"
        }
      }
    },
    "python@3.11": {
      "last_modified": "2024-12-23T21:10:33Z",
      "plugin_version": "0.0.4",
      "resolved": "github:NixOS/nixpkgs/de1864217bfa9b5845f465e771e0ecb48b30e02d#python311",
      "source": "devbox-search",
      "version": "3.11.11",
      "systems": {
        "aarch64-darwin": {
          "outputs": [
            {
              "name": "out",
              "path": "/nix/store/6jhamnhxwqbvy5z1c26mg5klsxcl3b7c-python3-3.11.11",
              "default": true
            }
          ],
          "store_path": "/nix/store/6jhamnhxwqbvy5z1c26mg5klsxcl3b7c-python3-3.11.11"
        },
        "aarch64-linux": {
          "outputs": [
            {
              "name": "out",
              "path": "/nix/store/cljp9nclqkbk08n6i1yk7ii4vv96pl68-python3-3.11.11",
              "default": true
            },
            {
              "name": "debug",
              "path": "/nix/store/agrm1zncgwaj0pvjaq9wyqq37lxpsx99-python3-3.11.11-debug"
            }
          ],
          "store_path": "/nix/store/cljp9nclqkbk08n6i1yk7ii4vv96pl68-python3-3.11.11"
        },
        "x86_64-darwin": {
          "outputs": [
            {
              "name": "out",
              "path": "/nix/store/hkg39maay6a494ida8h0vmvvpxbppcfp-python3-3.11.11",
              "default": true
            }
          ],
          "store_path": "/nix/store/hkg39maay6a494ida8h0vmvvpxbppcfp-python3-3.11.11"
        },
        "x86_64-linux": {
          "outputs": [
            {
              "name": "out",
              "path": "/nix/store/0flj08i381bfdfbrly8sk6vs36lfrhnb-python3-3.11.11",
              "default": true
            },
            {
              "name": "debug",
              "path": "/nix/store/ry5cfr4j2n7rx1wnyrilvyzd5rksdmnq-python3-3.11.11-debug"
            }
          ],
          "store_path": "/nix/store/0flj08i381bfdfbrly8sk6vs36lfrhnb-python3-3.11.11"
        }
      }
    },
    "ruff@latest": {
      "last_modified": "2025-01-17T10:46:57Z",
      "resolved": "github:NixOS/nixpkgs/041c867bad68dfe34b78b2813028a2e2ea70a23c#ruff",
      "source": "devbox-search",
      "version": "0.9.2",
      "systems": {
        "aarch64-darwin": {
          "outputs": [
            {
              "name": "out",
              "path": "/nix/store/rsac9gg6f44zaq7hj9ffmp9bl1wx092p-ruff-0.9.2",
              "default": true
            }
          ],
          "store_path": "/nix/store/rsac9gg6f44zaq7hj9ffmp9bl1wx092p-ruff-0.9.2"
        },
        "aarch64-linux": {
          "outputs": [
            {
              "name": "out",
              "path": "/nix/store/njvrbqqyvdg6dpi6ckdji9fnzw4gz0ls-ruff-0.9.2",
              "default": true
            }
          ],
          "store_path": "/nix/store/njvrbqqyvdg6dpi6ckdji9fnzw4gz0ls-ruff-0.9.2"
        },
        "x86_64-darwin": {
          "outputs": [
            {
              "name": "out",
              "path": "/nix/store/pb20mjnqrgnjrl30sr0gn3hzjglq5ri9-ruff-0.9.2",
              "default": true
            }
          ],
          "store_path": "/nix/store/pb20mjnqrgnjrl30sr0gn3hzjglq5ri9-ruff-0.9.2"
        },
        "x86_64-linux": {
          "outputs": [
            {
              "name": "out",
              "path": "/nix/store/hbsacm4azgal75ilgkkibz6a0gvhp9qy-ruff-0.9.2",
              "default": true
            }
          ],
          "store_path": "/nix/store/hbsacm4azgal75ilgkkibz6a0gvhp9qy-ruff-0.9.2"
        }
      }
    },
    "shellcheck@latest": {
      "last_modified": "2024-12-23T21:10:33Z",
      "resolved": "github:NixOS/nixpkgs/de1864217bfa9b5845f465e771e0ecb48b30e02d#shellcheck",
      "source": "devbox-search",
      "version": "0.10.0",
      "systems": {
        "aarch64-darwin": {
          "outputs": [
            {
              "name": "bin",
              "path": "/nix/store/n2n09kxq2d077jfl4lsfdky68mfqljsp-shellcheck-0.10.0-bin",
              "default": true
            },
            {
              "name": "man",
              "path": "/nix/store/2ffg4iskkjnqwspj5cnyc9r5fi5crqpi-shellcheck-0.10.0-man",
              "default": true
            },
            {
              "name": "doc",
              "path": "/nix/store/qx18mj9h0h3yzzn9671ycv8i5f34wnfj-shellcheck-0.10.0-doc",
              "default": true
            },
            {
              "name": "out",
              "path": "/nix/store/rrq5w2sg6l23v4adqqzvhajl0hm6fij9-shellcheck-0.10.0"
            }
          ],
          "store_path": "/nix/store/n2n09kxq2d077jfl4lsfdky68mfqljsp-shellcheck-0.10.0-bin"
        },
        "aarch64-linux": {
          "outputs": [
            {
              "name": "bin",
              "path": "/nix/store/d9pyyl4zz5vhdd1ja1rij8rvx4g2zr0q-shellcheck-0.10.0-bin",
              "default": true
            },
            {
              "name": "man",
              "path": "/nix/store/cyc84gzdk9jgnim7vhlkj2jyrzy3f6l0-shellcheck-0.10.0-man",
              "default": true
            },
            {
              "name": "doc",
              "path": "/nix/store/ylrpz2sqh1fd4c1gc5qpqfaijzb4qcf8-shellcheck-0.10.0-doc",
              "default": true
            },
            {
              "name": "out",
              "path": "/nix/store/b1dsjs45mfsv84lh7j7vvy9hii1m3irr-shellcheck-0.10.0"
            }
          ],
          "store_path": "/nix/store/d9pyyl4zz5vhdd1ja1rij8rvx4g2zr0q-shellcheck-0.10.0-bin"
        },
        "x86_64-darwin": {
          "outputs": [
            {
              "name": "bin",
              "path": "/nix/store/l00pkvfjax8rs8if17ygwhaaw1279rx1-shellcheck-0.10.0-bin",
              "default": true
            },
            {
              "name": "man",
              "path": "/nix/store/xqcbch1l3h8wn9h154a02w34cyl6b7bi-shellcheck-0.10.0-man",
              "default": true
            },
            {
              "name": "doc",
              "path": "/nix/store/pzjhf3vkqgv8vss9z96mgrca53njyq3y-shellcheck-0.10.0-doc",
              "default": true
            },
            {
              "name": "out",
              "path": "/nix/store/fwj1zqqmikw8l625q5s5spy1jqx29dyr-shellcheck-0.10.0"
            }
          ],
          "store_path": "/nix/store/l00pkvfjax8rs8if17ygwhaaw1279rx1-shellcheck-0.10.0-bin"
        },
        "x86_64-linux": {
          "outputs": [
            {
              "name": "bin",
              "path": "/nix/store/g6fx0dy7203d6b9mcm366wqjlvgjk4bg-shellcheck-0.10.0-bin",
              "default": true
            },
            {
              "name": "man",
              "path": "/nix/store/b6df9qlddfzy8a6aqcnyysdpja2cd1mv-shellcheck-0.10.0-man",
              "default": true
            },
            {
              "name": "doc",
              "path": "/nix/store/blxfb83f55nwpyad301pdxddadid5x6s-shellcheck-0.10.0-doc",
              "default": true
            },
            {
              "name": "out",
              "path": "/nix/store/6qxij2ij5b5hisqhyssdx019slgkqpnn-shellcheck-0.10.0"
            }
          ],
          "store_path": "/nix/store/g6fx0dy7203d6b9mcm366wqjlvgjk4bg-shellcheck-0.10.0-bin"
        }
      }
    },
    "skjold@latest": {
      "last_modified": "2024-12-23T21:10:33Z",
      "resolved": "github:NixOS/nixpkgs/de1864217bfa9b5845f465e771e0ecb48b30e02d#skjold",
      "source": "devbox-search",
      "version": "0.6.2",
      "systems": {
        "aarch64-darwin": {
          "outputs": [
            {
              "name": "out",
              "path": "/nix/store/snd4wixs7094wz867q61cfd8vswih7ja-skjold-0.6.2",
              "default": true
            },
            {
              "name": "dist",
              "path": "/nix/store/bd2lcaw9ddmd2sg8a2bpbdv6fp3a8jrj-skjold-0.6.2-dist"
            }
          ],
          "store_path": "/nix/store/snd4wixs7094wz867q61cfd8vswih7ja-skjold-0.6.2"
        },
        "aarch64-linux": {
          "outputs": [
            {
              "name": "out",
              "path": "/nix/store/nfwdjr282v7pg28sqwncbpfww39na8b1-skjold-0.6.2",
              "default": true
            },
            {
              "name": "dist",
              "path": "/nix/store/84a005rz79j12dcm3hx73lgy2p7g6vn3-skjold-0.6.2-dist"
            }
          ],
          "store_path": "/nix/store/nfwdjr282v7pg28sqwncbpfww39na8b1-skjold-0.6.2"
        },
        "x86_64-darwin": {
          "outputs": [
            {
              "name": "out",
              "path": "/nix/store/qwq2wrqbb89m31nbqcg2wpd27w7x1k0s-skjold-0.6.2",
              "default": true
            },
            {
              "name": "dist",
              "path": "/nix/store/xa06saa5gsjxi2yp8a1wyx00xia2kxhl-skjold-0.6.2-dist"
            }
          ],
          "store_path": "/nix/store/qwq2wrqbb89m31nbqcg2wpd27w7x1k0s-skjold-0.6.2"
        },
        "x86_64-linux": {
          "outputs": [
            {
              "name": "out",
              "path": "/nix/store/inzfcxnkv3xg8k40g8rn9ann18px28j0-skjold-0.6.2",
              "default": true
            },
            {
              "name": "dist",
              "path": "/nix/store/rwdwszpl2kmn7b30qkqkgcnd8m6vf0mw-skjold-0.6.2-dist"
            }
          ],
          "store_path": "/nix/store/inzfcxnkv3xg8k40g8rn9ann18px28j0-skjold-0.6.2"
        }
      }
    },
    "tmux@latest": {
      "last_modified": "2024-09-28T11:58:19Z",
      "resolved": "github:NixOS/nixpkgs/b5b2fecd0cadd82ef107c9583018f381ae70f222#tmux",
      "source": "devbox-search",
      "version": "3.5",
      "systems": {
        "aarch64-darwin": {
          "outputs": [
            {
              "name": "out",
              "path": "/nix/store/hb9rmacsyjn2jbkfl12ax66qj9z86w8l-tmux-3.5",
              "default": true
            },
            {
              "name": "man",
              "path": "/nix/store/fzmxcplr3rqr0vm642fyschn4n43q43p-tmux-3.5-man",
              "default": true
            }
          ],
          "store_path": "/nix/store/hb9rmacsyjn2jbkfl12ax66qj9z86w8l-tmux-3.5"
        },
        "aarch64-linux": {
          "outputs": [
            {
              "name": "out",
              "path": "/nix/store/02sk9lggxfn3l59fk4zcyz5mr2li0zk9-tmux-3.5",
              "default": true
            },
            {
              "name": "man",
              "path": "/nix/store/mhsiwx0famlrp02d0lkiwdjiad5kc0qi-tmux-3.5-man",
              "default": true
            }
          ],
          "store_path": "/nix/store/02sk9lggxfn3l59fk4zcyz5mr2li0zk9-tmux-3.5"
        },
        "x86_64-darwin": {
          "outputs": [
            {
              "name": "out",
              "path": "/nix/store/ssaxd12iqz2mzacm782jpmyhdwydd4ra-tmux-3.5",
              "default": true
            },
            {
              "name": "man",
              "path": "/nix/store/zwsa51g32xdfpk9q2lpvvbrixf6jzhp3-tmux-3.5-man",
              "default": true
            }
          ],
          "store_path": "/nix/store/ssaxd12iqz2mzacm782jpmyhdwydd4ra-tmux-3.5"
        },
        "x86_64-linux": {
          "outputs": [
            {
              "name": "out",
              "path": "/nix/store/ci8crawb4cqjlqsmvbr9q27hpc16pbf9-tmux-3.5",
              "default": true
            },
            {
              "name": "man",
              "path": "/nix/store/ld4q0lkfk2vkh4jj6ql01j0qyb2g8qlj-tmux-3.5-man",
              "default": true
            }
          ],
          "store_path": "/nix/store/ci8crawb4cqjlqsmvbr9q27hpc16pbf9-tmux-3.5"
        }
      }
    },
    "tmuxinator@latest": {
      "last_modified": "2024-12-26T01:25:00Z",
      "resolved": "github:NixOS/nixpkgs/16e046229f3b4f53257973a5532bcbb72457d2f2#tmuxinator",
      "source": "devbox-search",
      "version": "3.3.3",
      "systems": {
        "aarch64-darwin": {
          "outputs": [
            {
              "name": "out",
              "path": "/nix/store/liw74nlxbsz86idkalwyc4g2vlpmms8j-tmuxinator-3.3.3",
              "default": true
            }
          ],
          "store_path": "/nix/store/liw74nlxbsz86idkalwyc4g2vlpmms8j-tmuxinator-3.3.3"
        },
        "aarch64-linux": {
          "outputs": [
            {
              "name": "out",
              "path": "/nix/store/31lgcsq5jy6qbrmgwd4maw8yypb21rx6-tmuxinator-3.3.3",
              "default": true
            }
          ],
          "store_path": "/nix/store/31lgcsq5jy6qbrmgwd4maw8yypb21rx6-tmuxinator-3.3.3"
        },
        "x86_64-darwin": {
          "outputs": [
            {
              "name": "out",
              "path": "/nix/store/fbfq5n3rhk5rxpbqpln4rw1b2n83rczi-tmuxinator-3.3.3",
              "default": true
            }
          ],
          "store_path": "/nix/store/fbfq5n3rhk5rxpbqpln4rw1b2n83rczi-tmuxinator-3.3.3"
        },
        "x86_64-linux": {
          "outputs": [
            {
              "name": "out",
              "path": "/nix/store/0b168gv14kb449qag8x1psmqhkl7pgx1-tmuxinator-3.3.3",
              "default": true
            }
          ],
          "store_path": "/nix/store/0b168gv14kb449qag8x1psmqhkl7pgx1-tmuxinator-3.3.3"
        }
      }
    },
    "yamllint@latest": {
      "last_modified": "2024-12-23T21:10:33Z",
      "resolved": "github:NixOS/nixpkgs/de1864217bfa9b5845f465e771e0ecb48b30e02d#yamllint",
      "source": "devbox-search",
      "version": "1.35.1",
      "systems": {
        "aarch64-darwin": {
          "outputs": [
            {
              "name": "out",
              "path": "/nix/store/f119sg47lh576bj7s83rmfdphwjxykkq-python3.12-yamllint-1.35.1",
              "default": true
            },
            {
              "name": "dist",
              "path": "/nix/store/0h54cmwyz2d6axldh6894dj8hwavyarc-python3.12-yamllint-1.35.1-dist"
            }
          ],
          "store_path": "/nix/store/f119sg47lh576bj7s83rmfdphwjxykkq-python3.12-yamllint-1.35.1"
        },
        "aarch64-linux": {
          "outputs": [
            {
              "name": "out",
              "path": "/nix/store/3zgl49ap4wlg6h9g5r9m8lhwys8v566q-python3.12-yamllint-1.35.1",
              "default": true
            },
            {
              "name": "dist",
              "path": "/nix/store/3kiidcnnizy76d8hly4nmwjwig597wwk-python3.12-yamllint-1.35.1-dist"
            }
          ],
          "store_path": "/nix/store/3zgl49ap4wlg6h9g5r9m8lhwys8v566q-python3.12-yamllint-1.35.1"
        },
        "x86_64-darwin": {
          "outputs": [
            {
              "name": "out",
              "path": "/nix/store/jx6wrsl5scdggdq9j79vdr4pygirp7c3-python3.12-yamllint-1.35.1",
              "default": true
            },
            {
              "name": "dist",
              "path": "/nix/store/xf8h6cs767i3yw417sivr8sy27jpszrl-python3.12-yamllint-1.35.1-dist"
            }
          ],
          "store_path": "/nix/store/jx6wrsl5scdggdq9j79vdr4pygirp7c3-python3.12-yamllint-1.35.1"
        },
        "x86_64-linux": {
          "outputs": [
            {
              "name": "out",
              "path": "/nix/store/67dhdiaxkryhr9bwyg7lfpmljcghvjwb-python3.12-yamllint-1.35.1",
              "default": true
            },
            {
              "name": "dist",
              "path": "/nix/store/jrcv8wi52hb9rv84c01hayvjz2kfiwpf-python3.12-yamllint-1.35.1-dist"
            }
          ],
          "store_path": "/nix/store/67dhdiaxkryhr9bwyg7lfpmljcghvjwb-python3.12-yamllint-1.35.1"
        }
      }
    }
  }
}
